
Microsoft Visual Studio Solution File, Format Version 12.00
# Visual Studio Version 17
VisualStudioVersion = 17.4.33205.214
MinimumVisualStudioVersion = 10.0.40219.1
Project("{FAE04EC0-301F-11D3-BF4B-00C04F79EFBC}") = "ASProject_1", "ASProject_1\ASProject_1.csproj", "{4C8C83FE-3D2A-486A-948C-C25604192ECB}"
EndProject
Global
	GlobalSection(SolutionConfigurationPlatforms) = preSolution
		Debug|Any CPU = Debug|Any CPU
		Release|Any CPU = Release|Any CPU
	EndGlobalSection
	GlobalSection(ProjectConfigurationPlatforms) = postSolution
		{4C8C83FE-3D2A-486A-948C-C25604192ECB}.Debug|Any CPU.ActiveCfg = Debug|Any CPU
		{4C8C83FE-3D2A-486A-948C-C25604192ECB}.Debug|Any CPU.Build.0 = Debug|Any CPU
		{4C8C83FE-3D2A-486A-948C-C25604192ECB}.Release|Any CPU.ActiveCfg = Release|Any CPU
		{4C8C83FE-3D2A-486A-948C-C25604192ECB}.Release|Any CPU.Build.0 = Release|Any CPU
	EndGlobalSection
	GlobalSection(SolutionProperties) = preSolution
		HideSolutionNode = FALSE
	EndGlobalSection
	GlobalSection(ExtensibilityGlobals) = postSolution
		SolutionGuid = {1840B855-0980-4944-8070-8F1A63D27013}
	EndGlobalSection
EndGlobal
